// !$*UTF8*$!
{
	archiveVersion = 1;
	classes = {
	};
	objectVersion = 77;
	objects = {

/* Begin PBXBuildFile section */
		FA5C83222FB86A000011A1CB /* MTGSDKSwift in Frameworks */ = {isa = PBXBuildFile; productRef = FA5C83212FB86A000011A1CB /* MTGSDKSwift */; };
/* End PBXBuildFile section */

/* Begin PBXContainerItemProxy section */
		FA5C83022FB868970011A1CB /* PBXContainerItemProxy */ = {
			isa = PBXContainerItemProxy;
			containerPortal = FA5C82EC2FB868930011A1CB /* Project object */;
			proxyType = 1;
			remoteGlobalIDString = FA5C82F32FB868930011A1CB;
			remoteInfo = "mtg-xproject-starter";
		};
		FA5C830C2FB868970011A1CB /* PBXContainerItemProxy */ = {
			isa = PBXContainerItemProxy;
			containerPortal = FA5C82EC2FB868930011A1CB /* Project object */;
			proxyType = 1;
			remoteGlobalIDString = FA5C82F32FB868930011A1CB;
			remoteInfo = "mtg-xproject-starter";
		};
/* End PBXContainerItemProxy section */

/* Begin PBXFileReference section */
		FA5C82F42FB868930011A1CB /* mtg-xproject-starter.app */ = {isa = PBXFileReference; explicitFileType = wrapper.application; includeInIndex = 0; path = "mtg-xproject-starter.app"; sourceTree = BUILT_PRODUCTS_DIR; };
		FA5C83012FB868970011A1CB /* mtg-xproject-starterTests.xctest */ = {isa = PBXFileReference; explicitFileType = wrapper.cfbundle; includeInIndex = 0; path = "mtg-xproject-starterTests.xctest"; sourceTree = BUILT_PRODUCTS_DIR; };
		FA5C830B2FB868970011A1CB /* mtg-xproject-starterUITests.xctest */ = {isa = PBXFileReference; explicitFileType = wrapper.cfbundle; includeInIndex = 0; path = "mtg-xproject-starterUITests.xctest"; sourceTree = BUILT_PRODUCTS_DIR; };
/* End PBXFileReference section */

/* Begin PBXFileSystemSynchronizedRootGroup section */
		FA5C82F62FB868930011A1CB /* mtg-xproject-starter */ = {
			isa = PBXFileSystemSynchronizedRootGroup;
			path = "mtg-xproject-starter";
			sourceTree = "<group>";
		};
		FA5C83042FB868970011A1CB /* mtg-xproject-starterTests */ = {
			isa = PBXFileSystemSynchronizedRootGroup;
			path = "mtg-xproject-starterTests";
			sourceTree = "<group>";
		};
		FA5C830E2FB868970011A1CB /* mtg-xproject-starterUITests */ = {
			isa = PBXFileSystemSynchronizedRootGroup;
			path = "mtg-xproject-starterUITests";
			sourceTree = "<group>";
		};
/* End PBXFileSystemSynchronizedRootGroup section */

/* Begin PBXFrameworksBuildPhase section */
		FA5C82F12FB868930011A1CB /* Frameworks */ = {
			isa = PBXFrameworksBuildPhase;
			buildActionMask = 2147483647;
			files = (
				FA5C83222FB86A000011A1CB /* MTGSDKSwift in Frameworks */,
			);
			runOnlyForDeploymentPostprocessing = 0;
		};
		FA5C82FE2FB868970011A1CB /* Frameworks */ = {
			isa = PBXFrameworksBuildPhase;
			buildActionMask = 2147483647;
			files = (
			);
			runOnlyForDeploymentPostprocessing = 0;
		};
		FA5C83082FB868970011A1CB /* Frameworks */ = {
			isa = PBXFrameworksBuildPhase;
			buildActionMask = 2147483647;
			files = (
			);
			runOnlyForDeploymentPostprocessing = 0;
		};
/* End PBXFrameworksBuildPhase section */

/* Begin PBXGroup section */
		FA5C82EB2FB868930011A1CB = {
			isa = PBXGroup;
			children = (
				FA5C82F62FB868930011A1CB /* mtg-xproject-starter */,
				FA5C83042FB868970011A1CB /* mtg-xproject-starterTests */,
				FA5C830E2FB868970011A1CB /* mtg-xproject-starterUITests */,
				FA5C82F52FB868930011A1CB /* Products */,
			);
			sourceTree = "<group>";
		};
		FA5C82F52FB868930011A1CB /* Products */ = {
			isa = PBXGroup;
			children = (
				FA5C82F42FB868930011A1CB /* mtg-xproject-starter.app */,
				FA5C83012FB868970011A1CB /* mtg-xproject-starterTests.xctest */,
				FA5C830B2FB868970011A1CB /* mtg-xproject-starterUITests.xctest */,
			);
			name = Products;
			sourceTree = "<group>";
		};
/* End PBXGroup section */

/* Begin PBXNativeTarget section */
		FA5C82F32FB868930011A1CB /* mtg-xproject-starter */ = {
			isa = PBXNativeTarget;
			buildConfigurationList = FA5C83152FB868970011A1CB /* Build configuration list for PBXNativeTarget "mtg-xproject-starter" */;
			buildPhases = (
				FA5C82F02FB868930011A1CB /* Sources */,
				FA5C82F12FB868930011A1CB /* Frameworks */,
				FA5C82F22FB868930011A1CB /* Resources */,
			);
			buildRules = (
			);
			dependencies = (
			);
			fileSystemSynchronizedGroups = (
				FA5C82F62FB868930011A1CB /* mtg-xproject-starter */,
			);
			name = "mtg-xproject-starter";
			packageProductDependencies = (
				FA5C83212FB86A000011A1CB /* MTGSDKSwift */,
			);
			productName = "mtg-xproject-starter";
			productReference = FA5C82F42FB868930011A1CB /* mtg-xproject-starter.app */;
			productType = "com.apple.product-type.application";
		};
		FA5C83002FB868970011A1CB /* mtg-xproject-starterTests */ = {
			isa = PBXNativeTarget;
			buildConfigurationList = FA5C83182FB868970011A1CB /* Build configuration list for PBXNativeTarget "mtg-xproject-starterTests" */;
			buildPhases = (
				FA5C82FD2FB868970011A1CB /* Sources */,
				FA5C82FE2FB868970011A1CB /* Frameworks */,
				FA5C82FF2FB868970011A1CB /* Resources */,
			);
			buildRules = (
			);
			dependencies = (
				FA5C83032FB868970011A1CB /* PBXTargetDependency */,
			);
			fileSystemSynchronizedGroups = (
				FA5C83042FB868970011A1CB /* mtg-xproject-starterTests */,
			);
			name = "mtg-xproject-starterTests";
			packageProductDependencies = (
			);
			productName = "mtg-xproject-starterTests";
			productReference = FA5C83012FB868970011A1CB /* mtg-xproject-starterTests.xctest */;
			productType = "com.apple.product-type.bundle.unit-test";
		};
		FA5C830A2FB868970011A1CB /* mtg-xproject-starterUITests */ = {
			isa = PBXNativeTarget;
			buildConfigurationList = FA5C831B2FB868970011A1CB /* Build configuration list for PBXNativeTarget "mtg-xproject-starterUITests" */;
			buildPhases = (
				FA5C83072FB868970011A1CB /* Sources */,
				FA5C83082FB868970011A1CB /* Frameworks */,
				FA5C83092FB868970011A1CB /* Resources */,
			);
			buildRules = (
			);
			dependencies = (
				FA5C830D2FB868970011A1CB /* PBXTargetDependency */,
			);
			fileSystemSynchronizedGroups = (
				FA5C830E2FB868970011A1CB /* mtg-xproject-starterUITests */,
			);
			name = "mtg-xproject-starterUITests";
			packageProductDependencies = (
			);
			productName = "mtg-xproject-starterUITests";
			productReference = FA5C830B2FB868970011A1CB /* mtg-xproject-starterUITests.xctest */;
			productType = "com.apple.product-type.bundle.ui-testing";
		};
/* End PBXNativeTarget section */

/* Begin PBXProject section */
		FA5C82EC2FB868930011A1CB /* Project object */ = {
			isa = PBXProject;
			attributes = {
				BuildIndependentTargetsInParallel = 1;
				LastSwiftUpdateCheck = 2650;
				LastUpgradeCheck = 2650;
				TargetAttributes = {
					FA5C82F32FB868930011A1CB = {
						CreatedOnToolsVersion = 26.5;
					};
					FA5C83002FB868970011A1CB = {
						CreatedOnToolsVersion = 26.5;
						TestTargetID = FA5C82F32FB868930011A1CB;
					};
					FA5C830A2FB868970011A1CB = {
						CreatedOnToolsVersion = 26.5;
						TestTargetID = FA5C82F32FB868930011A1CB;
					};
				};
			};
			buildConfigurationList = FA5C82EF2FB868930011A1CB /* Build configuration list for PBXProject "mtg-xproject-starter" */;
			developmentRegion = en;
			hasScannedForEncodings = 0;
			knownRegions = (
				en,
				Base,
			);
			mainGroup = FA5C82EB2FB868930011A1CB;
			minimizedProjectReferenceProxies = 1;
			packageReferences = (
				FA5C83202FB86A000011A1CB /* XCRemoteSwiftPackageReference "mtg-sdk-swift" */,
			);
			preferredProjectObjectVersion = 77;
			productRefGroup = FA5C82F52FB868930011A1CB /* Products */;
			projectDirPath = "";
			projectRoot = "";
			targets = (
				FA5C82F32FB868930011A1CB /* mtg-xproject-starter */,
				FA5C83002FB868970011A1CB /* mtg-xproject-starterTests */,
				FA5C830A2FB868970011A1CB /* mtg-xproject-starterUITests */,
			);
		};
/* End PBXProject section */

/* Begin PBXResourcesBuildPhase section */
		FA5C82F22FB868930011A1CB /* Resources */ = {
			isa = PBXResourcesBuildPhase;
			buildActionMask = 2147483647;
			files = (
			);
			runOnlyForDeploymentPostprocessing = 0;
		};
		FA5C82FF2FB868970011A1CB /* Resources */ = {
			isa = PBXResourcesBuildPhase;
			buildActionMask = 2147483647;
			files = (
			);
			runOnlyForDeploymentPostprocessing = 0;
		};
		FA5C83092FB868970011A1CB /* Resources */ = {
			isa = PBXResourcesBuildPhase;
			buildActionMask = 2147483647;
			files = (
			);
			runOnlyForDeploymentPostprocessing = 0;
		};
/* End PBXResourcesBuildPhase section */

/* Begin PBXSourcesBuildPhase section */
		FA5C82F02FB868930011A1CB /* Sources */ = {
			isa = PBXSourcesBuildPhase;
			buildActionMask = 2147483647;
			files = (
			);
			runOnlyForDeploymentPostprocessing = 0;
		};
		FA5C82FD2FB868970011A1CB /* Sources */ = {
			isa = PBXSourcesBuildPhase;
			buildActionMask = 2147483647;
			files = (
			);
			runOnlyForDeploymentPostprocessing = 0;
		};
		FA5C83072FB868970011A1CB /* Sources */ = {
			isa = PBXSourcesBuildPhase;
			buildActionMask = 2147483647;
			files = (
			);
			runOnlyForDeploymentPostprocessing = 0;
		};
/* End PBXSourcesBuildPhase section */

/* Begin PBXTargetDependency section */
		FA5C83032FB868970011A1CB /* PBXTargetDependency */ = {
			isa = PBXTargetDependency;
			target = FA5C82F32FB868930011A1CB /* mtg-xproject-starter */;
			targetProxy = FA5C83022FB868970011A1CB /* PBXContainerItemProxy */;
		};
		FA5C830D2FB868970011A1CB /* PBXTargetDependency */ = {
			isa = PBXTargetDependency;
			target = FA5C82F32FB868930011A1CB /* mtg-xproject-starter */;
			targetProxy = FA5C830C2FB868970011A1CB /* PBXContainerItemProxy */;
		};
/* End PBXTargetDependency section */

/* Begin XCBuildConfiguration section */
		FA5C83132FB868970011A1CB /* Debug */ = {
			isa = XCBuildConfiguration;
			buildSettings = {
				ALWAYS_SEARCH_USER_PATHS = NO;
				ASSETCATALOG_COMPILER_GENERATE_SWIFT_ASSET_SYMBOL_EXTENSIONS = YES;
				CLANG_ANALYZER_NONNULL = YES;
				CLANG_ANALYZER_NUMBER_OBJECT_CONVERSION = YES_AGGRESSIVE;
				CLANG_CXX_LANGUAGE_STANDARD = "gnu++20";
				CLANG_ENABLE_MODULES = YES;
				CLANG_ENABLE_OBJC_ARC = YES;
				CLANG_ENABLE_OBJC_WEAK = YES;
				CLANG_WARN_BLOCK_CAPTURE_AUTORELEASING = YES;
				CLANG_WARN_BOOL_CONVERSION = YES;
				CLANG_WARN_COMMA = YES;
				CLANG_WARN_CONSTANT_CONVERSION = YES;
				CLANG_WARN_DEPRECATED_OBJC_IMPLEMENTATIONS = YES;
				CLANG_WARN_DIRECT_OBJC_ISA_USAGE = YES_ERROR;
				CLANG_WARN_DOCUMENTATION_COMMENTS = YES;
				CLANG_WARN_EMPTY_BODY = YES;
				CLANG_WARN_ENUM_CONVERSION = YES;
				CLANG_WARN_INFINITE_RECURSION = YES;
				CLANG_WARN_INT_CONVERSION = YES;
				CLANG_WARN_NON_LITERAL_NULL_CONVERSION = YES;
				CLANG_WARN_OBJC_IMPLICIT_RETAIN_SELF = YES;
				CLANG_WARN_OBJC_LITERAL_CONVERSION = YES;
				CLANG_WARN_OBJC_ROOT_CLASS = YES_ERROR;
				CLANG_WARN_QUOTED_INCLUDE_IN_FRAMEWORK_HEADER = YES;
				CLANG_WARN_RANGE_LOOP_ANALYSIS = YES;
				CLANG_WARN_STRICT_PROTOTYPES = YES;
				CLANG_WARN_SUSPICIOUS_MOVE = YES;
				CLANG_WARN_UNGUARDED_AVAILABILITY = YES_AGGRESSIVE;
				CLANG_WARN_UNREACHABLE_CODE = YES;
				CLANG_WARN__DUPLICATE_METHOD_MATCH = YES;
				COPY_PHASE_STRIP = NO;
				DEBUG_INFORMATION_FORMAT = dwarf;
				DEVELOPMENT_TEAM = 2B34UDM2HX;
				ENABLE_STRICT_OBJC_MSGSEND = YES;
				ENABLE_TESTABILITY = YES;
				ENABLE_USER_SCRIPT_SANDBOXING = YES;
				GCC_C_LANGUAGE_STANDARD = gnu17;
				GCC_DYNAMIC_NO_PIC = NO;
				GCC_NO_COMMON_BLOCKS = YES;
				GCC_OPTIMIZATION_LEVEL = 0;
				GCC_PREPROCESSOR_DEFINITIONS = (
					"DEBUG=1",
					"$(inherited)",
				);
				GCC_WARN_64_TO_32_BIT_CONVERSION = YES;
				GCC_WARN_ABOUT_RETURN_TYPE = YES_ERROR;
				GCC_WARN_UNDECLARED_SELECTOR = YES;
				GCC_WARN_UNINITIALIZED_AUTOS = YES_AGGRESSIVE;
				GCC_WARN_UNUSED_FUNCTION = YES;
				GCC_WARN_UNUSED_VARIABLE = YES;
				IPHONEOS_DEPLOYMENT_TARGET = 26.5;
				LOCALIZATION_PREFERS_STRING_CATALOGS = YES;
				MTL_ENABLE_DEBUG_INFO = INCLUDE_SOURCE;
				MTL_FAST_MATH = YES;
				ONLY_ACTIVE_ARCH = YES;
				SDKROOT = iphoneos;
				SWIFT_ACTIVE_COMPILATION_CONDITIONS = "DEBUG $(inherited)";
				SWIFT_OPTIMIZATION_LEVEL = "-Onone";
			};
			name = Debug;
		};
		FA5C83142FB868970011A1CB /* Release */ = {
			isa = XCBuildConfiguration;
			buildSettings = {
				ALWAYS_SEARCH_USER_PATHS = NO;
				ASSETCATALOG_COMPILER_GENERATE_SWIFT_ASSET_SYMBOL_EXTENSIONS = YES;
				CLANG_ANALYZER_NONNULL = YES;
				CLANG_ANALYZER_NUMBER_OBJECT_CONVERSION = YES_AGGRESSIVE;
				CLANG_CXX_LANGUAGE_STANDARD = "gnu++20";
				CLANG_ENABLE_MODULES = YES;
				CLANG_ENABLE_OBJC_ARC = YES;
				CLANG_ENABLE_OBJC_WEAK = YES;
				CLANG_WARN_BLOCK_CAPTURE_AUTORELEASING = YES;
				CLANG_WARN_BOOL_CONVERSION = YES;
				CLANG_WARN_COMMA = YES;
				CLANG_WARN_CONSTANT_CONVERSION = YES;
				CLANG_WARN_DEPRECATED_OBJC_IMPLEMENTATIONS = YES;
				CLANG_WARN_DIRECT_OBJC_ISA_USAGE = YES_ERROR;
				CLANG_WARN_DOCUMENTATION_COMMENTS = YES;
				CLANG_WARN_EMPTY_BODY = YES;
				CLANG_WARN_ENUM_CONVERSION = YES;
				CLANG_WARN_INFINITE_RECURSION = YES;
				CLANG_WARN_INT_CONVERSION = YES;
				CLANG_WARN_NON_LITERAL_NULL_CONVERSION = YES;
				CLANG_WARN_OBJC_IMPLICIT_RETAIN_SELF = YES;
				CLANG_WARN_OBJC_LITERAL_CONVERSION = YES;
				CLANG_WARN_OBJC_ROOT_CLASS = YES_ERROR;
				CLANG_WARN_QUOTED_INCLUDE_IN_FRAMEWORK_HEADER = YES;
				CLANG_WARN_RANGE_LOOP_ANALYSIS = YES;
				CLANG_WARN_STRICT_PROTOTYPES = YES;
				CLANG_WARN_SUSPICIOUS_MOVE = YES;
				CLANG_WARN_UNGUARDED_AVAILABILITY = YES_AGGRESSIVE;
				CLANG_WARN_UNREACHABLE_CODE = YES;
				CLANG_WARN__DUPLICATE_METHOD_MATCH = YES;
				COPY_PHASE_STRIP = NO;
				DEBUG_INFORMATION_FORMAT = "dwarf-with-dsym";
				DEVELOPMENT_TEAM = 2B34UDM2HX;
				ENABLE_NS_ASSERTIONS = NO;
				ENABLE_STRICT_OBJC_MSGSEND = YES;
				ENABLE_USER_SCRIPT_SANDBOXING = YES;
				GCC_C_LANGUAGE_STANDARD = gnu17;
				GCC_NO_COMMON_BLOCKS = YES;
				GCC_WARN_64_TO_32_BIT_CONVERSION = YES;
				GCC_WARN_ABOUT_RETURN_TYPE = YES_ERROR;
				GCC_WARN_UNDECLARED_SELECTOR = YES;
				GCC_WARN_UNINITIALIZED_AUTOS = YES_AGGRESSIVE;
				GCC_WARN_UNUSED_FUNCTION = YES;
				GCC_WARN_UNUSED_VARIABLE = YES;
				IPHONEOS_DEPLOYMENT_TARGET = 26.5;
				LOCALIZATION_PREFERS_STRING_CATALOGS = YES;
				MTL_ENABLE_DEBUG_INFO = NO;
				MTL_FAST_MATH = YES;
				SDKROOT = iphoneos;
				SWIFT_COMPILATION_MODE = wholemodule;
				VALIDATE_PRODUCT = YES;
			};
			name = Release;
		};
		FA5C83162FB868970011A1CB /* Debug */ = {
			isa = XCBuildConfiguration;
			buildSettings = {
				ASSETCATALOG_COMPILER_APPICON_NAME = AppIcon;
				ASSETCATALOG_COMPILER_GLOBAL_ACCENT_COLOR_NAME = AccentColor;
				CODE_SIGN_STYLE = Automatic;
				CURRENT_PROJECT_VERSION = 1;
				DEVELOPMENT_TEAM = 2B34UDM2HX;
				ENABLE_PREVIEWS = YES;
				GENERATE_INFOPLIST_FILE = YES;
				INFOPLIST_KEY_UIApplicationSceneManifest_Generation = YES;
				INFOPLIST_KEY_UIApplicationSupportsIndirectInputEvents = YES;
				INFOPLIST_KEY_UILaunchScreen_Generation = YES;
				INFOPLIST_KEY_UISupportedInterfaceOrientations_iPad = "UIInterfaceOrientationPortrait UIInterfaceOrientationPortraitUpsideDown UIInterfaceOrientationLandscapeLeft UIInterfaceOrientationLandscapeRight";
				INFOPLIST_KEY_UISupportedInterfaceOrientations_iPhone = "UIInterfaceOrientationPortrait UIInterfaceOrientationLandscapeLeft UIInterfaceOrientationLandscapeRight";
				LD_RUNPATH_SEARCH_PATHS = (
					"$(inherited)",
					"@executable_path/Frameworks",
				);
				MARKETING_VERSION = 1.0;
				PRODUCT_BUNDLE_IDENTIFIER = "james.mtg-xproject-starter";
				PRODUCT_NAME = "$(TARGET_NAME)";
				STRING_CATALOG_GENERATE_SYMBOLS = YES;
				SWIFT_APPROACHABLE_CONCURRENCY = YES;
				SWIFT_DEFAULT_ACTOR_ISOLATION = MainActor;
				SWIFT_EMIT_LOC_STRINGS = YES;
				SWIFT_UPCOMING_FEATURE_MEMBER_IMPORT_VISIBILITY = YES;
				SWIFT_VERSION = 5.0;
				TARGETED_DEVICE_FAMILY = "1,2";
			};
			name = Debug;
		};
		FA5C83172FB868970011A1CB /* Release */ = {
			isa = XCBuildConfiguration;
			buildSettings = {
				ASSETCATALOG_COMPILER_APPICON_NAME = AppIcon;
				ASSETCATALOG_COMPILER_GLOBAL_ACCENT_COLOR_NAME = AccentColor;
				CODE_SIGN_STYLE = Automatic;
				CURRENT_PROJECT_VERSION = 1;
				DEVELOPMENT_TEAM = 2B34UDM2HX;
				ENABLE_PREVIEWS = YES;
				GENERATE_INFOPLIST_FILE = YES;
				INFOPLIST_KEY_UIApplicationSceneManifest_Generation = YES;
				INFOPLIST_KEY_UIApplicationSupportsIndirectInputEvents = YES;
				INFOPLIST_KEY_UILaunchScreen_Generation = YES;
				INFOPLIST_KEY_UISupportedInterfaceOrientations_iPad = "UIInterfaceOrientationPortrait UIInterfaceOrientationPortraitUpsideDown UIInterfaceOrientationLandscapeLeft UIInterfaceOrientationLandscapeRight";
				INFOPLIST_KEY_UISupportedInterfaceOrientations_iPhone = "UIInterfaceOrientationPortrait UIInterfaceOrientationLandscapeLeft UIInterfaceOrientationLandscapeRight";
				LD_RUNPATH_SEARCH_PATHS = (
					"$(inherited)",
					"@executable_path/Frameworks",
				);
				MARKETING_VERSION = 1.0;
				PRODUCT_BUNDLE_IDENTIFIER = "james.mtg-xproject-starter";
				PRODUCT_NAME = "$(TARGET_NAME)";
				STRING_CATALOG_GENERATE_SYMBOLS = YES;
				SWIFT_APPROACHABLE_CONCURRENCY = YES;
				SWIFT_DEFAULT_ACTOR_ISOLATION = MainActor;
				SWIFT_EMIT_LOC_STRINGS = YES;
				SWIFT_UPCOMING_FEATURE_MEMBER_IMPORT_VISIBILITY = YES;
				SWIFT_VERSION = 5.0;
				TARGETED_DEVICE_FAMILY = "1,2";
			};
			name = Release;
		};
		FA5C83192FB868970011A1CB /* Debug */ = {
			isa = XCBuildConfiguration;
			buildSettings = {
				BUNDLE_LOADER = "$(TEST_HOST)";
				CODE_SIGN_STYLE = Automatic;
				CURRENT_PROJECT_VERSION = 1;
				DEVELOPMENT_TEAM = 2B34UDM2HX;
				GENERATE_INFOPLIST_FILE = YES;
				IPHONEOS_DEPLOYMENT_TARGET = 26.5;
				MARKETING_VERSION = 1.0;
				PRODUCT_BUNDLE_IDENTIFIER = "james.mtg-xproject-starterTests";
				PRODUCT_NAME = "$(TARGET_NAME)";
				STRING_CATALOG_GENERATE_SYMBOLS = NO;
				SWIFT_APPROACHABLE_CONCURRENCY = YES;
				SWIFT_EMIT_LOC_STRINGS = NO;
				SWIFT_UPCOMING_FEATURE_MEMBER_IMPORT_VISIBILITY = YES;
				SWIFT_VERSION = 5.0;
				TARGETED_DEVICE_FAMILY = "1,2";
				TEST_HOST = "$(BUILT_PRODUCTS_DIR)/mtg-xproject-starter.app/$(BUNDLE_EXECUTABLE_FOLDER_PATH)/mtg-xproject-starter";
			};
			name = Debug;
		};
		FA5C831A2FB868970011A1CB /* Release */ = {
			isa = XCBuildConfiguration;
			buildSettings = {
				BUNDLE_LOADER = "$(TEST_HOST)";
				CODE_SIGN_STYLE = Automatic;
				CURRENT_PROJECT_VERSION = 1;
				DEVELOPMENT_TEAM = 2B34UDM2HX;
				GENERATE_INFOPLIST_FILE = YES;
				IPHONEOS_DEPLOYMENT_TARGET = 26.5;
				MARKETING_VERSION = 1.0;
				PRODUCT_BUNDLE_IDENTIFIER = "james.mtg-xproject-starterTests";
				PRODUCT_NAME = "$(TARGET_NAME)";
				STRING_CATALOG_GENERATE_SYMBOLS = NO;
				SWIFT_APPROACHABLE_CONCURRENCY = YES;
				SWIFT_EMIT_LOC_STRINGS = NO;
				SWIFT_UPCOMING_FEATURE_MEMBER_IMPORT_VISIBILITY = YES;
				SWIFT_VERSION = 5.0;
				TARGETED_DEVICE_FAMILY = "1,2";
				TEST_HOST = "$(BUILT_PRODUCTS_DIR)/mtg-xproject-starter.app/$(BUNDLE_EXECUTABLE_FOLDER_PATH)/mtg-xproject-starter";
			};
			name = Release;
		};
		FA5C831C2FB868970011A1CB /* Debug */ = {
			isa = XCBuildConfiguration;
			buildSettings = {
				CODE_SIGN_STYLE = Automatic;
				CURRENT_PROJECT_VERSION = 1;
				DEVELOPMENT_TEAM = 2B34UDM2HX;
				GENERATE_INFOPLIST_FILE = YES;
				MARKETING_VERSION = 1.0;
				PRODUCT_BUNDLE_IDENTIFIER = "james.mtg-xproject-starterUITests";
				PRODUCT_NAME = "$(TARGET_NAME)";
				STRING_CATALOG_GENERATE_SYMBOLS = NO;
				SWIFT_APPROACHABLE_CONCURRENCY = YES;
				SWIFT_EMIT_LOC_STRINGS = NO;
				SWIFT_UPCOMING_FEATURE_MEMBER_IMPORT_VISIBILITY = YES;
				SWIFT_VERSION = 5.0;
				TARGETED_DEVICE_FAMILY = "1,2";
				TEST_TARGET_NAME = "mtg-xproject-starter";
			};
			name = Debug;
		};
		FA5C831D2FB868970011A1CB /* Release */ = {
			isa = XCBuildConfiguration;
			buildSettings = {
				CODE_SIGN_STYLE = Automatic;
				CURRENT_PROJECT_VERSION = 1;
				DEVELOPMENT_TEAM = 2B34UDM2HX;
				GENERATE_INFOPLIST_FILE = YES;
				MARKETING_VERSION = 1.0;
				PRODUCT_BUNDLE_IDENTIFIER = "james.mtg-xproject-starterUITests";
				PRODUCT_NAME = "$(TARGET_NAME)";
				STRING_CATALOG_GENERATE_SYMBOLS = NO;
				SWIFT_APPROACHABLE_CONCURRENCY = YES;
				SWIFT_EMIT_LOC_STRINGS = NO;
				SWIFT_UPCOMING_FEATURE_MEMBER_IMPORT_VISIBILITY = YES;
				SWIFT_VERSION = 5.0;
				TARGETED_DEVICE_FAMILY = "1,2";
				TEST_TARGET_NAME = "mtg-xproject-starter";
			};
			name = Release;
		};
/* End XCBuildConfiguration section */

/* Begin XCConfigurationList section */
		FA5C82EF2FB868930011A1CB /* Build configuration list for PBXProject "mtg-xproject-starter" */ = {
			isa = XCConfigurationList;
			buildConfigurations = (
				FA5C83132FB868970011A1CB /* Debug */,
				FA5C83142FB868970011A1CB /* Release */,
			);
			defaultConfigurationIsVisible = 0;
			defaultConfigurationName = Release;
		};
		FA5C83152FB868970011A1CB /* Build configuration list for PBXNativeTarget "mtg-xproject-starter" */ = {
			isa = XCConfigurationList;
			buildConfigurations = (
				FA5C83162FB868970011A1CB /* Debug */,
				FA5C83172FB868970011A1CB /* Release */,
			);
			defaultConfigurationIsVisible = 0;
			defaultConfigurationName = Release;
		};
		FA5C83182FB868970011A1CB /* Build configuration list for PBXNativeTarget "mtg-xproject-starterTests" */ = {
			isa = XCConfigurationList;
			buildConfigurations = (
				FA5C83192FB868970011A1CB /* Debug */,
				FA5C831A2FB868970011A1CB /* Release */,
			);
			defaultConfigurationIsVisible = 0;
			defaultConfigurationName = Release;
		};
		FA5C831B2FB868970011A1CB /* Build configuration list for PBXNativeTarget "mtg-xproject-starterUITests" */ = {
			isa = XCConfigurationList;
			buildConfigurations = (
				FA5C831C2FB868970011A1CB /* Debug */,
				FA5C831D2FB868970011A1CB /* Release */,
			);
			defaultConfigurationIsVisible = 0;
			defaultConfigurationName = Release;
		};
/* End XCConfigurationList section */

/* Begin XCRemoteSwiftPackageReference section */
		FA5C83202FB86A000011A1CB /* XCRemoteSwiftPackageReference "mtg-sdk-swift" */ = {
			isa = XCRemoteSwiftPackageReference;
			repositoryURL = "https://github.com/MagicTheGathering/mtg-sdk-swift";
			requirement = {
				kind = upToNextMajorVersion;
				minimumVersion = 1.1.1;
			};
		};
/* End XCRemoteSwiftPackageReference section */

/* Begin XCSwiftPackageProductDependency section */
		FA5C83212FB86A000011A1CB /* MTGSDKSwift */ = {
			isa = XCSwiftPackageProductDependency;
			package = FA5C83202FB86A000011A1CB /* XCRemoteSwiftPackageReference "mtg-sdk-swift" */;
			productName = MTGSDKSwift;
		};
/* End XCSwiftPackageProductDependency section */
	};
	rootObject = FA5C82EC2FB868930011A1CB /* Project object */;
}
